
Microsoft Visual Studio Solution File, Format Version 12.00
# Visual Studio Version 17
VisualStudioVersion = 17.9.34723.18
MinimumVisualStudioVersion = 10.0.40219.1
Project("{FAE04EC0-301F-11D3-BF4B-00C04F79EFBC}") = "NoteAppUI", "NoteAppUI\NoteAppUI.csproj", "{EEA1177A-F12D-4474-B1FA-CD9816C118F5}"
EndProject
Global
	GlobalSection(SolutionConfigurationPlatforms) = preSolution
		Debug|Any CPU = Debug|Any CPU
		Release|Any CPU = Release|Any CPU
	EndGlobalSection
	GlobalSection(ProjectConfigurationPlatforms) = postSolution
		{EEA1177A-F12D-4474-B1FA-CD9816C118F5}.Debug|Any CPU.ActiveCfg = Debug|Any CPU
		{EEA1177A-F12D-4474-B1FA-CD9816C118F5}.Debug|Any CPU.Build.0 = Debug|Any CPU
		{EEA1177A-F12D-4474-B1FA-CD9816C118F5}.Release|Any CPU.ActiveCfg = Release|Any CPU
		{EEA1177A-F12D-4474-B1FA-CD9816C118F5}.Release|Any CPU.Build.0 = Release|Any CPU
	EndGlobalSection
	GlobalSection(SolutionProperties) = preSolution
		HideSolutionNode = FALSE
	EndGlobalSection
	GlobalSection(ExtensibilityGlobals) = postSolution
		SolutionGuid = {E2BA88BB-2AE1-4C9A-B8F8-D171EA55AB33}
	EndGlobalSection
EndGlobal
